{
  "nodes": {
    "flake-utils": {
      "inputs": {
        "systems": "systems"
      },
      "locked": {
        "lastModified": 1731533236,
        "narHash": "sha256-l0KFg5HjrsfsO/JpG+r7fRrqm12kzFHyUHqHCVpMMbI=",
        "owner": "numtide",
        "repo": "flake-utils",
        "rev": "11707dc2f618dd54ca8739b309ec4fc024de578b",
        "type": "github"
      },
      "original": {
        "owner": "numtide",
        "repo": "flake-utils",
        "type": "github"
      }
    },
    "nix-container-lib": {
      "inputs": {
        "flake-utils": [
          "flake-utils"
        ],
        "nixpkgs": [
          "nixpkgs"
        ],
        "uutils-micro": "uutils-micro",
        "vigil-rs": "vigil-rs"
      },
      "locked": {
        "lastModified": 1776800174,
        "narHash": "sha256-ljYT6JCUGgMR913ZF7DpBNO481poBPEACjZb1SuwX4w=",
        "owner": "daveman1010221",
        "repo": "nix-container-lib",
        "rev": "56702e6c048b03a4a1773d19a6cb58644f5b577a",
        "type": "github"
      },
      "original": {
        "owner": "daveman1010221",
        "repo": "nix-container-lib",
        "rev": "56702e6c048b03a4a1773d19a6cb58644f5b577a",
        "type": "github"
      }
    },
    "nixpkgs": {
      "locked": {
        "lastModified": 1776548001,
        "narHash": "sha256-ZSK0NL4a1BwVbbTBoSnWgbJy9HeZFXLYQizjb2DPF24=",
        "owner": "NixOS",
        "repo": "nixpkgs",
        "rev": "b12141ef619e0a9c1c84dc8c684040326f27cdcc",
        "type": "github"
      },
      "original": {
        "owner": "NixOS",
        "ref": "nixos-unstable",
        "repo": "nixpkgs",
        "type": "github"
      }
    },
    "root": {
      "inputs": {
        "flake-utils": "flake-utils",
        "nix-container-lib": "nix-container-lib",
        "nixpkgs": "nixpkgs",
        "vigil-rs": "vigil-rs_2"
      }
    },
    "systems": {
      "locked": {
        "lastModified": 1681028828,
        "narHash": "sha256-Vy1rq5AaRuLzOxct8nz4T6wlgyUR7zLU309k9mBC768=",
        "owner": "nix-systems",
        "repo": "default",
        "rev": "da67096a3b9bf56a91d16901293e51ba5b49a27e",
        "type": "github"
      },
      "original": {
        "owner": "nix-systems",
        "repo": "default",
        "type": "github"
      }
    },
    "uutils-micro": {
      "inputs": {
        "flake-utils": [
          "nix-container-lib",
          "flake-utils"
        ],
        "nixpkgs": [
          "nix-container-lib",
          "nixpkgs"
        ]
      },
      "locked": {
        "lastModified": 1776718975,
        "narHash": "sha256-wP4eZmE2WD2NKzYijwdiz+8ACfEvdSWjdFqapXoV7sc=",
        "owner": "daveman1010221",
        "repo": "uutils-micro",
        "rev": "8fc9e721601c3f822a1ade8781a6ee3e12d50a2c",
        "type": "github"
      },
      "original": {
        "owner": "daveman1010221",
        "repo": "uutils-micro",
        "type": "github"
      }
    },
    "vigil-rs": {
      "inputs": {
        "flake-utils": [
          "nix-container-lib",
          "flake-utils"
        ],
        "nixpkgs": [
          "nix-container-lib",
          "nixpkgs"
        ]
      },
      "locked": {
        "lastModified": 1776711745,
        "narHash": "sha256-3Khc0UeeNImPkg/L7obE4L6SHyaG8O9kRakBkhKPuKE=",
        "owner": "daveman1010221",
        "repo": "vigil-rs-nix",
        "rev": "0d193796db595c10709083c70e39db902b0f0c8c",
        "type": "github"
      },
      "original": {
        "owner": "daveman1010221",
        "repo": "vigil-rs-nix",
        "type": "github"
      }
    },
    "vigil-rs_2": {
      "inputs": {
        "flake-utils": [
          "flake-utils"
        ],
        "nixpkgs": [
          "nixpkgs"
        ]
      },
      "locked": {
        "lastModified": 1776711745,
        "narHash": "sha256-3Khc0UeeNImPkg/L7obE4L6SHyaG8O9kRakBkhKPuKE=",
        "owner": "daveman1010221",
        "repo": "vigil-rs-nix",
        "rev": "0d193796db595c10709083c70e39db902b0f0c8c",
        "type": "github"
      },
      "original": {
        "owner": "daveman1010221",
        "ref": "0d19379",
        "repo": "vigil-rs-nix",
        "type": "github"
      }
    }
  },
  "root": "root",
  "version": 7
}
