{
  "nodes": {
    "flake-utils": {
      "inputs": {
        "systems": "systems"
      },
      "locked": {
        "lastModified": 1731533236,
        "narHash": "sha256-l0KFg5HjrsfsO/JpG+r7fRrqm12kzFHyUHqHCVpMMbI=",
        "owner": "numtide",
        "repo": "flake-utils",
        "rev": "11707dc2f618dd54ca8739b309ec4fc024de578b",
        "type": "github"
      },
      "original": {
        "owner": "numtide",
        "repo": "flake-utils",
        "type": "github"
      }
    },
    "nix-container-lib": {
      "inputs": {
        "flake-utils": [
          "flake-utils"
        ],
        "nixpkgs": [
          "nixpkgs"
        ],
        "uutils-micro": "uutils-micro",
        "vigil-rs": "vigil-rs"
      },
      "locked": {
        "lastModified": 1780159135,
        "narHash": "sha256-gwK8yf9jjcP5Z+fphfZskcPjhm7DwX3g3blVmhlIPJc=",
        "owner": "daveman1010221",
        "repo": "nix-container-lib",
        "rev": "c1728b349f1e61bd73f39aef1456fd97c6012c7e",
        "type": "github"
      },
      "original": {
        "owner": "daveman1010221",
        "repo": "nix-container-lib",
        "rev": "c1728b349f1e61bd73f39aef1456fd97c6012c7e",
        "type": "github"
      }
    },
    "nixpkgs": {
      "locked": {
        "lastModified": 1785828668,
        "narHash": "sha256-8fsyqeO+mJqvIzeO4xIpgJe/f7MTbbVTEC6RT6WSXNs=",
        "owner": "NixOS",
        "repo": "nixpkgs",
        "rev": "e72e4f299401a3689d4b3d5fc6496b11db7064eb",
        "type": "github"
      },
      "original": {
        "owner": "NixOS",
        "ref": "nixos-unstable",
        "repo": "nixpkgs",
        "type": "github"
      }
    },
    "root": {
      "inputs": {
        "flake-utils": "flake-utils",
        "nix-container-lib": "nix-container-lib",
        "nixpkgs": "nixpkgs",
        "vigil-rs": "vigil-rs_2"
      }
    },
    "systems": {
      "locked": {
        "lastModified": 1681028828,
        "narHash": "sha256-Vy1rq5AaRuLzOxct8nz4T6wlgyUR7zLU309k9mBC768=",
        "owner": "nix-systems",
        "repo": "default",
        "rev": "da67096a3b9bf56a91d16901293e51ba5b49a27e",
        "type": "github"
      },
      "original": {
        "owner": "nix-systems",
        "repo": "default",
        "type": "github"
      }
    },
    "uutils-micro": {
      "inputs": {
        "flake-utils": [
          "nix-container-lib",
          "flake-utils"
        ],
        "nixpkgs": [
          "nix-container-lib",
          "nixpkgs"
        ]
      },
      "locked": {
        "lastModified": 1780158957,
        "narHash": "sha256-RUQUvJU36GP73VywEPc9x6WvBwmWvfuUjEPu2dEqKCU=",
        "owner": "daveman1010221",
        "repo": "uutils-micro",
        "rev": "e12c30b1888309e61072c1ce24609ec9dd3579e6",
        "type": "github"
      },
      "original": {
        "owner": "daveman1010221",
        "repo": "uutils-micro",
        "type": "github"
      }
    },
    "vigil-rs": {
      "inputs": {
        "flake-utils": [
          "nix-container-lib",
          "flake-utils"
        ],
        "nixpkgs": [
          "nix-container-lib",
          "nixpkgs"
        ]
      },
      "locked": {
        "lastModified": 1776711745,
        "narHash": "sha256-3Khc0UeeNImPkg/L7obE4L6SHyaG8O9kRakBkhKPuKE=",
        "owner": "daveman1010221",
        "repo": "vigil-rs-nix",
        "rev": "0d193796db595c10709083c70e39db902b0f0c8c",
        "type": "github"
      },
      "original": {
        "owner": "daveman1010221",
        "repo": "vigil-rs-nix",
        "type": "github"
      }
    },
    "vigil-rs_2": {
      "inputs": {
        "flake-utils": [
          "flake-utils"
        ],
        "nixpkgs": [
          "nixpkgs"
        ]
      },
      "locked": {
        "lastModified": 1776711745,
        "narHash": "sha256-3Khc0UeeNImPkg/L7obE4L6SHyaG8O9kRakBkhKPuKE=",
        "owner": "daveman1010221",
        "repo": "vigil-rs-nix",
        "rev": "0d193796db595c10709083c70e39db902b0f0c8c",
        "type": "github"
      },
      "original": {
        "owner": "daveman1010221",
        "ref": "0d19379",
        "repo": "vigil-rs-nix",
        "type": "github"
      }
    }
  },
  "root": "root",
  "version": 7
}
