{
  "nodes": {
    "flake-utils": {
      "inputs": {
        "systems": "systems"
      },
      "locked": {
        "lastModified": 1731533236,
        "narHash": "sha256-l0KFg5HjrsfsO/JpG+r7fRrqm12kzFHyUHqHCVpMMbI=",
        "owner": "numtide",
        "repo": "flake-utils",
        "rev": "11707dc2f618dd54ca8739b309ec4fc024de578b",
        "type": "github"
      },
      "original": {
        "owner": "numtide",
        "repo": "flake-utils",
        "type": "github"
      }
    },
    "nixpkgs": {
      "locked": {
        "lastModified": 1791179034,
        "narHash": "sha256-Ni0LBydzaCi8oek12r4mVreuFHqYlM1eTD6SfiENKfw=",
        "owner": "NixOS",
        "repo": "nixpkgs",
        "rev": "494ce7fd23ff6a5dff39e1fb11e9b6f2ac74bf25",
        "type": "github"
      },
      "original": {
        "owner": "NixOS",
        "ref": "nixos-unstable",
        "repo": "nixpkgs",
        "type": "github"
      }
    },
    "root": {
      "inputs": {
        "flake-utils": "flake-utils",
        "nixpkgs": "nixpkgs",
        "uutils-micro": "uutils-micro",
        "vigil-rs": "vigil-rs"
      }
    },
    "systems": {
      "locked": {
        "lastModified": 1681028828,
        "narHash": "sha256-Vy1rq5AaRuLzOxct8nz4T6wlgyUR7zLU309k9mBC768=",
        "owner": "nix-systems",
        "repo": "default",
        "rev": "da67096a3b9bf56a91d16901293e51ba5b49a27e",
        "type": "github"
      },
      "original": {
        "owner": "nix-systems",
        "repo": "default",
        "type": "github"
      }
    },
    "uutils-micro": {
      "inputs": {
        "flake-utils": [
          "flake-utils"
        ],
        "nixpkgs": [
          "nixpkgs"
        ]
      },
      "locked": {
        "lastModified": 1791225181,
        "narHash": "sha256-A9aoTnxC2ch+OTNZ8s9l5K2eOFVOVd2X8N6tDhZ693k=",
        "owner": "daveman1010221",
        "repo": "uutils-micro",
        "rev": "936968dd41d683efe5bca8b416e3a95af0fedcef",
        "type": "github"
      },
      "original": {
        "owner": "daveman1010221",
        "repo": "uutils-micro",
        "type": "github"
      }
    },
    "vigil-rs": {
      "inputs": {
        "flake-utils": [
          "flake-utils"
        ],
        "nixpkgs": [
          "nixpkgs"
        ]
      },
      "locked": {
        "lastModified": 1791225360,
        "narHash": "sha256-i5jzfLs9IwNAt6qYHTLtKvLQPlxxHmpLwjphF6mfGUE=",
        "owner": "daveman1010221",
        "repo": "vigil-rs-nix",
        "rev": "f0409bda09bfd041ae8b32f357202a6af475eaea",
        "type": "github"
      },
      "original": {
        "owner": "daveman1010221",
        "repo": "vigil-rs-nix",
        "type": "github"
      }
    }
  },
  "root": "root",
  "version": 7
}
